// !$*UTF8*$!
{
	archiveVersion = 1;
	classes = {
	};
	objectVersion = 51;
	objects = {

/* Begin PBXBuildFile section */
		72F45392BC292A6A559BBBCC /* Pods_AnswerBook.framework in Frameworks */ = {isa = PBXBuildFile; fileRef = AE927A197890AD69D3AD80B5 /* Pods_AnswerBook.framework */; };
		DB0722832415E5D2005F77B3 /* AppDelegate.swift in Sources */ = {isa = PBXBuildFile; fileRef = DB0722822415E5D2005F77B3 /* AppDelegate.swift */; };
		DB0722852415E5D2005F77B3 /* SceneDelegate.swift in Sources */ = {isa = PBXBuildFile; fileRef = DB0722842415E5D2005F77B3 /* SceneDelegate.swift */; };
		DB0722872415E5D2005F77B3 /* MainVC.swift in Sources */ = {isa = PBXBuildFile; fileRef = DB0722862415E5D2005F77B3 /* MainVC.swift */; };
		DB07228A2415E5D2005F77B3 /* Main.storyboard in Resources */ = {isa = PBXBuildFile; fileRef = DB0722882415E5D2005F77B3 /* Main.storyboard */; };
		DB07228C2415E5D3005F77B3 /* Assets.xcassets in Resources */ = {isa = PBXBuildFile; fileRef = DB07228B2415E5D3005F77B3 /* Assets.xcassets */; };
		DB07228F2415E5D3005F77B3 /* LaunchScreen.storyboard in Resources */ = {isa = PBXBuildFile; fileRef = DB07228D2415E5D3005F77B3 /* LaunchScreen.storyboard */; };
		DBFD83B42416384C00D24757 /* AnswerVC.swift in Sources */ = {isa = PBXBuildFile; fileRef = DBFD83B32416384C00D24757 /* AnswerVC.swift */; };
		DBFD83B6241640BF00D24757 /* PageVC.swift in Sources */ = {isa = PBXBuildFile; fileRef = DBFD83B5241640BF00D24757 /* PageVC.swift */; };
		DBFD83B824164FFF00D24757 /* LaunchScreen.swift in Sources */ = {isa = PBXBuildFile; fileRef = DBFD83B724164FFF00D24757 /* LaunchScreen.swift */; };
		DBFD83BA2416557600D24757 /* ViewController.swift in Sources */ = {isa = PBXBuildFile; fileRef = DBFD83B92416557600D24757 /* ViewController.swift */; };
		DBFD8402241880FF00D24757 /* AnswerLibrary.swift in Sources */ = {isa = PBXBuildFile; fileRef = DBFD8401241880FF00D24757 /* AnswerLibrary.swift */; };
		DBFD84042418E80D00D24757 /* IAPManager.swift in Sources */ = {isa = PBXBuildFile; fileRef = DBFD84032418E80D00D24757 /* IAPManager.swift */; };
		DBFD84062419EAFE00D24757 /* GlobalModel.swift in Sources */ = {isa = PBXBuildFile; fileRef = DBFD84052419EAFE00D24757 /* GlobalModel.swift */; };
		DBFD8408241A1FA200D24757 /* NVLoadingView.swift in Sources */ = {isa = PBXBuildFile; fileRef = DBFD8407241A1FA200D24757 /* NVLoadingView.swift */; };
		DBFD840A241A3FAB00D24757 /* GoogleService-Info.plist in Resources */ = {isa = PBXBuildFile; fileRef = DBFD8409241A3FAB00D24757 /* GoogleService-Info.plist */; };
/* End PBXBuildFile section */

/* Begin PBXFileReference section */
		2FCF20F86DB8504AA42F511E /* Pods-AnswerBook.release.xcconfig */ = {isa = PBXFileReference; includeInIndex = 1; lastKnownFileType = text.xcconfig; name = "Pods-AnswerBook.release.xcconfig"; path = "Target Support Files/Pods-AnswerBook/Pods-AnswerBook.release.xcconfig"; sourceTree = "<group>"; };
		3F134D6ACC9FCEF2E8A77F9E /* Pods-AnswerBook.debug.xcconfig */ = {isa = PBXFileReference; includeInIndex = 1; lastKnownFileType = text.xcconfig; name = "Pods-AnswerBook.debug.xcconfig"; path = "Target Support Files/Pods-AnswerBook/Pods-AnswerBook.debug.xcconfig"; sourceTree = "<group>"; };
		AE927A197890AD69D3AD80B5 /* Pods_AnswerBook.framework */ = {isa = PBXFileReference; explicitFileType = wrapper.framework; includeInIndex = 0; path = Pods_AnswerBook.framework; sourceTree = BUILT_PRODUCTS_DIR; };
		DB07227F2415E5D2005F77B3 /* AnswerBook.app */ = {isa = PBXFileReference; explicitFileType = wrapper.application; includeInIndex = 0; path = AnswerBook.app; sourceTree = BUILT_PRODUCTS_DIR; };
		DB0722822415E5D2005F77B3 /* AppDelegate.swift */ = {isa = PBXFileReference; lastKnownFileType = sourcecode.swift; path = AppDelegate.swift; sourceTree = "<group>"; };
		DB0722842415E5D2005F77B3 /* SceneDelegate.swift */ = {isa = PBXFileReference; lastKnownFileType = sourcecode.swift; path = SceneDelegate.swift; sourceTree = "<group>"; };
		DB0722862415E5D2005F77B3 /* MainVC.swift */ = {isa = PBXFileReference; lastKnownFileType = sourcecode.swift; path = MainVC.swift; sourceTree = "<group>"; };
		DB0722892415E5D2005F77B3 /* Base */ = {isa = PBXFileReference; lastKnownFileType = file.storyboard; name = Base; path = Base.lproj/Main.storyboard; sourceTree = "<group>"; };
		DB07228B2415E5D3005F77B3 /* Assets.xcassets */ = {isa = PBXFileReference; lastKnownFileType = folder.assetcatalog; path = Assets.xcassets; sourceTree = "<group>"; };
		DB07228E2415E5D3005F77B3 /* Base */ = {isa = PBXFileReference; lastKnownFileType = file.storyboard; name = Base; path = Base.lproj/LaunchScreen.storyboard; sourceTree = "<group>"; };
		DB0722902415E5D3005F77B3 /* Info.plist */ = {isa = PBXFileReference; lastKnownFileType = text.plist.xml; path = Info.plist; sourceTree = "<group>"; };
		DBFD83B32416384C00D24757 /* AnswerVC.swift */ = {isa = PBXFileReference; lastKnownFileType = sourcecode.swift; path = AnswerVC.swift; sourceTree = "<group>"; };
		DBFD83B5241640BF00D24757 /* PageVC.swift */ = {isa = PBXFileReference; lastKnownFileType = sourcecode.swift; path = PageVC.swift; sourceTree = "<group>"; };
		DBFD83B724164FFF00D24757 /* LaunchScreen.swift */ = {isa = PBXFileReference; lastKnownFileType = sourcecode.swift; path = LaunchScreen.swift; sourceTree = "<group>"; };
		DBFD83B92416557600D24757 /* ViewController.swift */ = {isa = PBXFileReference; lastKnownFileType = sourcecode.swift; path = ViewController.swift; sourceTree = "<group>"; };
		DBFD8401241880FF00D24757 /* AnswerLibrary.swift */ = {isa = PBXFileReference; lastKnownFileType = sourcecode.swift; path = AnswerLibrary.swift; sourceTree = "<group>"; };
		DBFD84032418E80D00D24757 /* IAPManager.swift */ = {isa = PBXFileReference; lastKnownFileType = sourcecode.swift; path = IAPManager.swift; sourceTree = "<group>"; };
		DBFD84052419EAFE00D24757 /* GlobalModel.swift */ = {isa = PBXFileReference; lastKnownFileType = sourcecode.swift; path = GlobalModel.swift; sourceTree = "<group>"; };
		DBFD8407241A1FA200D24757 /* NVLoadingView.swift */ = {isa = PBXFileReference; fileEncoding = 4; lastKnownFileType = sourcecode.swift; path = NVLoadingView.swift; sourceTree = "<group>"; };
		DBFD8409241A3FAB00D24757 /* GoogleService-Info.plist */ = {isa = PBXFileReference; fileEncoding = 4; lastKnownFileType = text.plist.xml; path = "GoogleService-Info.plist"; sourceTree = "<group>"; };
/* End PBXFileReference section */

/* Begin PBXFrameworksBuildPhase section */
		DB07227C2415E5D2005F77B3 /* Frameworks */ = {
			isa = PBXFrameworksBuildPhase;
			buildActionMask = 2147483647;
			files = (
				72F45392BC292A6A559BBBCC /* Pods_AnswerBook.framework in Frameworks */,
			);
			runOnlyForDeploymentPostprocessing = 0;
		};
/* End PBXFrameworksBuildPhase section */

/* Begin PBXGroup section */
		08C68E7011D8E71AD3C9BEB4 /* Pods */ = {
			isa = PBXGroup;
			children = (
				3F134D6ACC9FCEF2E8A77F9E /* Pods-AnswerBook.debug.xcconfig */,
				2FCF20F86DB8504AA42F511E /* Pods-AnswerBook.release.xcconfig */,
			);
			path = Pods;
			sourceTree = "<group>";
		};
		BEC5C35BD69C237DDCA24671 /* Frameworks */ = {
			isa = PBXGroup;
			children = (
				AE927A197890AD69D3AD80B5 /* Pods_AnswerBook.framework */,
			);
			name = Frameworks;
			sourceTree = "<group>";
		};
		DB0722762415E5D2005F77B3 = {
			isa = PBXGroup;
			children = (
				DB0722812415E5D2005F77B3 /* AnswerBook */,
				DB0722802415E5D2005F77B3 /* Products */,
				08C68E7011D8E71AD3C9BEB4 /* Pods */,
				BEC5C35BD69C237DDCA24671 /* Frameworks */,
			);
			sourceTree = "<group>";
		};
		DB0722802415E5D2005F77B3 /* Products */ = {
			isa = PBXGroup;
			children = (
				DB07227F2415E5D2005F77B3 /* AnswerBook.app */,
			);
			name = Products;
			sourceTree = "<group>";
		};
		DB0722812415E5D2005F77B3 /* AnswerBook */ = {
			isa = PBXGroup;
			children = (
				DB0722822415E5D2005F77B3 /* AppDelegate.swift */,
				DB0722842415E5D2005F77B3 /* SceneDelegate.swift */,
				DBFD83B92416557600D24757 /* ViewController.swift */,
				DBFD83B5241640BF00D24757 /* PageVC.swift */,
				DB0722862415E5D2005F77B3 /* MainVC.swift */,
				DBFD83B32416384C00D24757 /* AnswerVC.swift */,
				DBFD8401241880FF00D24757 /* AnswerLibrary.swift */,
				DBFD84052419EAFE00D24757 /* GlobalModel.swift */,
				DBFD84032418E80D00D24757 /* IAPManager.swift */,
				DBFD8407241A1FA200D24757 /* NVLoadingView.swift */,
				DBFD83B724164FFF00D24757 /* LaunchScreen.swift */,
				DB0722882415E5D2005F77B3 /* Main.storyboard */,
				DB07228D2415E5D3005F77B3 /* LaunchScreen.storyboard */,
				DB07228B2415E5D3005F77B3 /* Assets.xcassets */,
				DB0722902415E5D3005F77B3 /* Info.plist */,
				DBFD8409241A3FAB00D24757 /* GoogleService-Info.plist */,
			);
			path = AnswerBook;
			sourceTree = "<group>";
		};
/* End PBXGroup section */

/* Begin PBXNativeTarget section */
		DB07227E2415E5D2005F77B3 /* AnswerBook */ = {
			isa = PBXNativeTarget;
			buildConfigurationList = DB0722932415E5D3005F77B3 /* Build configuration list for PBXNativeTarget "AnswerBook" */;
			buildPhases = (
				F13D29587877BAB778B6EFA9 /* [CP] Check Pods Manifest.lock */,
				DB07227B2415E5D2005F77B3 /* Sources */,
				DB07227C2415E5D2005F77B3 /* Frameworks */,
				DB07227D2415E5D2005F77B3 /* Resources */,
				070AE39CD097E0E353DEAC75 /* [CP] Embed Pods Frameworks */,
			);
			buildRules = (
			);
			dependencies = (
			);
			name = AnswerBook;
			productName = AnswerBook;
			productReference = DB07227F2415E5D2005F77B3 /* AnswerBook.app */;
			productType = "com.apple.product-type.application";
		};
/* End PBXNativeTarget section */

/* Begin PBXProject section */
		DB0722772415E5D2005F77B3 /* Project object */ = {
			isa = PBXProject;
			attributes = {
				LastSwiftUpdateCheck = 1130;
				LastUpgradeCheck = 1130;
				ORGANIZATIONNAME = "HellöM";
				TargetAttributes = {
					DB07227E2415E5D2005F77B3 = {
						CreatedOnToolsVersion = 11.3.1;
					};
				};
			};
			buildConfigurationList = DB07227A2415E5D2005F77B3 /* Build configuration list for PBXProject "AnswerBook" */;
			compatibilityVersion = "Xcode 9.3";
			developmentRegion = en;
			hasScannedForEncodings = 0;
			knownRegions = (
				en,
				Base,
			);
			mainGroup = DB0722762415E5D2005F77B3;
			productRefGroup = DB0722802415E5D2005F77B3 /* Products */;
			projectDirPath = "";
			projectRoot = "";
			targets = (
				DB07227E2415E5D2005F77B3 /* AnswerBook */,
			);
		};
/* End PBXProject section */

/* Begin PBXResourcesBuildPhase section */
		DB07227D2415E5D2005F77B3 /* Resources */ = {
			isa = PBXResourcesBuildPhase;
			buildActionMask = 2147483647;
			files = (
				DB07228F2415E5D3005F77B3 /* LaunchScreen.storyboard in Resources */,
				DBFD840A241A3FAB00D24757 /* GoogleService-Info.plist in Resources */,
				DB07228C2415E5D3005F77B3 /* Assets.xcassets in Resources */,
				DB07228A2415E5D2005F77B3 /* Main.storyboard in Resources */,
			);
			runOnlyForDeploymentPostprocessing = 0;
		};
/* End PBXResourcesBuildPhase section */

/* Begin PBXShellScriptBuildPhase section */
		070AE39CD097E0E353DEAC75 /* [CP] Embed Pods Frameworks */ = {
			isa = PBXShellScriptBuildPhase;
			buildActionMask = 2147483647;
			files = (
			);
			inputFileListPaths = (
				"${PODS_ROOT}/Target Support Files/Pods-AnswerBook/Pods-AnswerBook-frameworks-${CONFIGURATION}-input-files.xcfilelist",
			);
			name = "[CP] Embed Pods Frameworks";
			outputFileListPaths = (
				"${PODS_ROOT}/Target Support Files/Pods-AnswerBook/Pods-AnswerBook-frameworks-${CONFIGURATION}-output-files.xcfilelist",
			);
			runOnlyForDeploymentPostprocessing = 0;
			shellPath = /bin/sh;
			shellScript = "\"${PODS_ROOT}/Target Support Files/Pods-AnswerBook/Pods-AnswerBook-frameworks.sh\"\n";
			showEnvVarsInLog = 0;
		};
		F13D29587877BAB778B6EFA9 /* [CP] Check Pods Manifest.lock */ = {
			isa = PBXShellScriptBuildPhase;
			buildActionMask = 2147483647;
			files = (
			);
			inputFileListPaths = (
			);
			inputPaths = (
				"${PODS_PODFILE_DIR_PATH}/Podfile.lock",
				"${PODS_ROOT}/Manifest.lock",
			);
			name = "[CP] Check Pods Manifest.lock";
			outputFileListPaths = (
			);
			outputPaths = (
				"$(DERIVED_FILE_DIR)/Pods-AnswerBook-checkManifestLockResult.txt",
			);
			runOnlyForDeploymentPostprocessing = 0;
			shellPath = /bin/sh;
			shellScript = "diff \"${PODS_PODFILE_DIR_PATH}/Podfile.lock\" \"${PODS_ROOT}/Manifest.lock\" > /dev/null\nif [ $? != 0 ] ; then\n    # print error to STDERR\n    echo \"error: The sandbox is not in sync with the Podfile.lock. Run 'pod install' or update your CocoaPods installation.\" >&2\n    exit 1\nfi\n# This output is used by Xcode 'outputs' to avoid re-running this script phase.\necho \"SUCCESS\" > \"${SCRIPT_OUTPUT_FILE_0}\"\n";
			showEnvVarsInLog = 0;
		};
/* End PBXShellScriptBuildPhase section */

/* Begin PBXSourcesBuildPhase section */
		DB07227B2415E5D2005F77B3 /* Sources */ = {
			isa = PBXSourcesBuildPhase;
			buildActionMask = 2147483647;
			files = (
				DBFD84042418E80D00D24757 /* IAPManager.swift in Sources */,
				DB0722872415E5D2005F77B3 /* MainVC.swift in Sources */,
				DBFD84062419EAFE00D24757 /* GlobalModel.swift in Sources */,
				DB0722832415E5D2005F77B3 /* AppDelegate.swift in Sources */,
				DBFD83B824164FFF00D24757 /* LaunchScreen.swift in Sources */,
				DBFD8402241880FF00D24757 /* AnswerLibrary.swift in Sources */,
				DBFD8408241A1FA200D24757 /* NVLoadingView.swift in Sources */,
				DBFD83B6241640BF00D24757 /* PageVC.swift in Sources */,
				DBFD83BA2416557600D24757 /* ViewController.swift in Sources */,
				DBFD83B42416384C00D24757 /* AnswerVC.swift in Sources */,
				DB0722852415E5D2005F77B3 /* SceneDelegate.swift in Sources */,
			);
			runOnlyForDeploymentPostprocessing = 0;
		};
/* End PBXSourcesBuildPhase section */

/* Begin PBXVariantGroup section */
		DB0722882415E5D2005F77B3 /* Main.storyboard */ = {
			isa = PBXVariantGroup;
			children = (
				DB0722892415E5D2005F77B3 /* Base */,
			);
			name = Main.storyboard;
			sourceTree = "<group>";
		};
		DB07228D2415E5D3005F77B3 /* LaunchScreen.storyboard */ = {
			isa = PBXVariantGroup;
			children = (
				DB07228E2415E5D3005F77B3 /* Base */,
			);
			name = LaunchScreen.storyboard;
			sourceTree = "<group>";
		};
/* End PBXVariantGroup section */

/* Begin XCBuildConfiguration section */
		DB0722912415E5D3005F77B3 /* Debug */ = {
			isa = XCBuildConfiguration;
			buildSettings = {
				ALWAYS_SEARCH_USER_PATHS = NO;
				CLANG_ANALYZER_NONNULL = YES;
				CLANG_ANALYZER_NUMBER_OBJECT_CONVERSION = YES_AGGRESSIVE;
				CLANG_CXX_LANGUAGE_STANDARD = "gnu++14";
				CLANG_CXX_LIBRARY = "libc++";
				CLANG_ENABLE_MODULES = YES;
				CLANG_ENABLE_OBJC_ARC = YES;
				CLANG_ENABLE_OBJC_WEAK = YES;
				CLANG_WARN_BLOCK_CAPTURE_AUTORELEASING = YES;
				CLANG_WARN_BOOL_CONVERSION = YES;
				CLANG_WARN_COMMA = YES;
				CLANG_WARN_CONSTANT_CONVERSION = YES;
				CLANG_WARN_DEPRECATED_OBJC_IMPLEMENTATIONS = YES;
				CLANG_WARN_DIRECT_OBJC_ISA_USAGE = YES_ERROR;
				CLANG_WARN_DOCUMENTATION_COMMENTS = YES;
				CLANG_WARN_EMPTY_BODY = YES;
				CLANG_WARN_ENUM_CONVERSION = YES;
				CLANG_WARN_INFINITE_RECURSION = YES;
				CLANG_WARN_INT_CONVERSION = YES;
				CLANG_WARN_NON_LITERAL_NULL_CONVERSION = YES;
				CLANG_WARN_OBJC_IMPLICIT_RETAIN_SELF = YES;
				CLANG_WARN_OBJC_LITERAL_CONVERSION = YES;
				CLANG_WARN_OBJC_ROOT_CLASS = YES_ERROR;
				CLANG_WARN_RANGE_LOOP_ANALYSIS = YES;
				CLANG_WARN_STRICT_PROTOTYPES = YES;
				CLANG_WARN_SUSPICIOUS_MOVE = YES;
				CLANG_WARN_UNGUARDED_AVAILABILITY = YES_AGGRESSIVE;
				CLANG_WARN_UNREACHABLE_CODE = YES;
				CLANG_WARN__DUPLICATE_METHOD_MATCH = YES;
				COPY_PHASE_STRIP = NO;
				DEBUG_INFORMATION_FORMAT = dwarf;
				ENABLE_STRICT_OBJC_MSGSEND = YES;
				ENABLE_TESTABILITY = YES;
				GCC_C_LANGUAGE_STANDARD = gnu11;
				GCC_DYNAMIC_NO_PIC = NO;
				GCC_NO_COMMON_BLOCKS = YES;
				GCC_OPTIMIZATION_LEVEL = 0;
				GCC_PREPROCESSOR_DEFINITIONS = (
					"DEBUG=1",
					"$(inherited)",
				);
				GCC_WARN_64_TO_32_BIT_CONVERSION = YES;
				GCC_WARN_ABOUT_RETURN_TYPE = YES_ERROR;
				GCC_WARN_UNDECLARED_SELECTOR = YES;
				GCC_WARN_UNINITIALIZED_AUTOS = YES_AGGRESSIVE;
				GCC_WARN_UNUSED_FUNCTION = YES;
				GCC_WARN_UNUSED_VARIABLE = YES;
				IPHONEOS_DEPLOYMENT_TARGET = 13.2;
				MTL_ENABLE_DEBUG_INFO = INCLUDE_SOURCE;
				MTL_FAST_MATH = YES;
				ONLY_ACTIVE_ARCH = YES;
				SDKROOT = iphoneos;
				SWIFT_ACTIVE_COMPILATION_CONDITIONS = DEBUG;
				SWIFT_OPTIMIZATION_LEVEL = "-Onone";
			};
			name = Debug;
		};
		DB0722922415E5D3005F77B3 /* Release */ = {
			isa = XCBuildConfiguration;
			buildSettings = {
				ALWAYS_SEARCH_USER_PATHS = NO;
				CLANG_ANALYZER_NONNULL = YES;
				CLANG_ANALYZER_NUMBER_OBJECT_CONVERSION = YES_AGGRESSIVE;
				CLANG_CXX_LANGUAGE_STANDARD = "gnu++14";
				CLANG_CXX_LIBRARY = "libc++";
				CLANG_ENABLE_MODULES = YES;
				CLANG_ENABLE_OBJC_ARC = YES;
				CLANG_ENABLE_OBJC_WEAK = YES;
				CLANG_WARN_BLOCK_CAPTURE_AUTORELEASING = YES;
				CLANG_WARN_BOOL_CONVERSION = YES;
				CLANG_WARN_COMMA = YES;
				CLANG_WARN_CONSTANT_CONVERSION = YES;
				CLANG_WARN_DEPRECATED_OBJC_IMPLEMENTATIONS = YES;
				CLANG_WARN_DIRECT_OBJC_ISA_USAGE = YES_ERROR;
				CLANG_WARN_DOCUMENTATION_COMMENTS = YES;
				CLANG_WARN_EMPTY_BODY = YES;
				CLANG_WARN_ENUM_CONVERSION = YES;
				CLANG_WARN_INFINITE_RECURSION = YES;
				CLANG_WARN_INT_CONVERSION = YES;
				CLANG_WARN_NON_LITERAL_NULL_CONVERSION = YES;
				CLANG_WARN_OBJC_IMPLICIT_RETAIN_SELF = YES;
				CLANG_WARN_OBJC_LITERAL_CONVERSION = YES;
				CLANG_WARN_OBJC_ROOT_CLASS = YES_ERROR;
				CLANG_WARN_RANGE_LOOP_ANALYSIS = YES;
				CLANG_WARN_STRICT_PROTOTYPES = YES;
				CLANG_WARN_SUSPICIOUS_MOVE = YES;
				CLANG_WARN_UNGUARDED_AVAILABILITY = YES_AGGRESSIVE;
				CLANG_WARN_UNREACHABLE_CODE = YES;
				CLANG_WARN__DUPLICATE_METHOD_MATCH = YES;
				COPY_PHASE_STRIP = NO;
				DEBUG_INFORMATION_FORMAT = "dwarf-with-dsym";
				ENABLE_NS_ASSERTIONS = NO;
				ENABLE_STRICT_OBJC_MSGSEND = YES;
				GCC_C_LANGUAGE_STANDARD = gnu11;
				GCC_NO_COMMON_BLOCKS = YES;
				GCC_WARN_64_TO_32_BIT_CONVERSION = YES;
				GCC_WARN_ABOUT_RETURN_TYPE = YES_ERROR;
				GCC_WARN_UNDECLARED_SELECTOR = YES;
				GCC_WARN_UNINITIALIZED_AUTOS = YES_AGGRESSIVE;
				GCC_WARN_UNUSED_FUNCTION = YES;
				GCC_WARN_UNUSED_VARIABLE = YES;
				IPHONEOS_DEPLOYMENT_TARGET = 13.2;
				MTL_ENABLE_DEBUG_INFO = NO;
				MTL_FAST_MATH = YES;
				SDKROOT = iphoneos;
				SWIFT_COMPILATION_MODE = wholemodule;
				SWIFT_OPTIMIZATION_LEVEL = "-O";
				VALIDATE_PRODUCT = YES;
			};
			name = Release;
		};
		DB0722942415E5D3005F77B3 /* Debug */ = {
			isa = XCBuildConfiguration;
			baseConfigurationReference = 3F134D6ACC9FCEF2E8A77F9E /* Pods-AnswerBook.debug.xcconfig */;
			buildSettings = {
				ASSETCATALOG_COMPILER_APPICON_NAME = AppIcon;
				CODE_SIGN_IDENTITY = "iPhone Developer";
				CODE_SIGN_STYLE = Manual;
				DEVELOPMENT_TEAM = 38AMPUQ98F;
				FRAMEWORK_SEARCH_PATHS = (
					"$(inherited)",
					"$(PROJECT_DIR)/AnswerBook/ThirdKit",
				);
				INFOPLIST_FILE = AnswerBook/Info.plist;
				IPHONEOS_DEPLOYMENT_TARGET = 13.0;
				LD_RUNPATH_SEARCH_PATHS = (
					"$(inherited)",
					"@executable_path/Frameworks",
				);
				MARKETING_VERSION = 1.0.1;
				PRODUCT_BUNDLE_IDENTIFIER = com.HelloM.AnswerBook;
				PRODUCT_NAME = "$(TARGET_NAME)";
				PROVISIONING_PROFILE_SPECIFIER = AnswerBook_Develop;
				SWIFT_VERSION = 5.0;
				TARGETED_DEVICE_FAMILY = 1;
			};
			name = Debug;
		};
		DB0722952415E5D3005F77B3 /* Release */ = {
			isa = XCBuildConfiguration;
			baseConfigurationReference = 2FCF20F86DB8504AA42F511E /* Pods-AnswerBook.release.xcconfig */;
			buildSettings = {
				ASSETCATALOG_COMPILER_APPICON_NAME = AppIcon;
				CODE_SIGN_IDENTITY = "iPhone Distribution";
				CODE_SIGN_STYLE = Manual;
				DEVELOPMENT_TEAM = 38AMPUQ98F;
				FRAMEWORK_SEARCH_PATHS = (
					"$(inherited)",
					"$(PROJECT_DIR)/AnswerBook/ThirdKit",
				);
				INFOPLIST_FILE = AnswerBook/Info.plist;
				IPHONEOS_DEPLOYMENT_TARGET = 13.0;
				LD_RUNPATH_SEARCH_PATHS = (
					"$(inherited)",
					"@executable_path/Frameworks",
				);
				MARKETING_VERSION = 1.0.1;
				PRODUCT_BUNDLE_IDENTIFIER = com.HelloM.AnswerBook;
				PRODUCT_NAME = "$(TARGET_NAME)";
				PROVISIONING_PROFILE_SPECIFIER = AnswerBook_AppStore;
				SWIFT_VERSION = 5.0;
				TARGETED_DEVICE_FAMILY = 1;
			};
			name = Release;
		};
/* End XCBuildConfiguration section */

/* Begin XCConfigurationList section */
		DB07227A2415E5D2005F77B3 /* Build configuration list for PBXProject "AnswerBook" */ = {
			isa = XCConfigurationList;
			buildConfigurations = (
				DB0722912415E5D3005F77B3 /* Debug */,
				DB0722922415E5D3005F77B3 /* Release */,
			);
			defaultConfigurationIsVisible = 0;
			defaultConfigurationName = Release;
		};
		DB0722932415E5D3005F77B3 /* Build configuration list for PBXNativeTarget "AnswerBook" */ = {
			isa = XCConfigurationList;
			buildConfigurations = (
				DB0722942415E5D3005F77B3 /* Debug */,
				DB0722952415E5D3005F77B3 /* Release */,
			);
			defaultConfigurationIsVisible = 0;
			defaultConfigurationName = Release;
		};
/* End XCConfigurationList section */
	};
	rootObject = DB0722772415E5D2005F77B3 /* Project object */;
}
